
Microsoft Visual Studio Solution File, Format Version 12.00
# Visual Studio Version 17
VisualStudioVersion = 17.0.32014.148
MinimumVisualStudioVersion = 10.0.40219.1
Project("{FAE04EC0-301F-11D3-BF4B-00C04F79EFBC}") = "lesson1", "lesson1.csproj", "{2018E048-AE3F-4185-B6C2-14BFE7B98ADA}"
EndProject
Project("{FAE04EC0-301F-11D3-BF4B-00C04F79EFBC}") = "lesson2", "lesson2\lesson2.csproj", "{9FEE6FA2-FC70-4B3E-8298-EDEF7926ED05}"
EndProject
Global
	GlobalSection(SolutionConfigurationPlatforms) = preSolution
		Debug|Any CPU = Debug|Any CPU
		Release|Any CPU = Release|Any CPU
	EndGlobalSection
	GlobalSection(ProjectConfigurationPlatforms) = postSolution
		{2018E048-AE3F-4185-B6C2-14BFE7B98ADA}.Debug|Any CPU.ActiveCfg = Debug|Any CPU
		{2018E048-AE3F-4185-B6C2-14BFE7B98ADA}.Debug|Any CPU.Build.0 = Debug|Any CPU
		{2018E048-AE3F-4185-B6C2-14BFE7B98ADA}.Release|Any CPU.ActiveCfg = Release|Any CPU
		{2018E048-AE3F-4185-B6C2-14BFE7B98ADA}.Release|Any CPU.Build.0 = Release|Any CPU
		{9FEE6FA2-FC70-4B3E-8298-EDEF7926ED05}.Debug|Any CPU.ActiveCfg = Debug|Any CPU
		{9FEE6FA2-FC70-4B3E-8298-EDEF7926ED05}.Debug|Any CPU.Build.0 = Debug|Any CPU
		{9FEE6FA2-FC70-4B3E-8298-EDEF7926ED05}.Release|Any CPU.ActiveCfg = Release|Any CPU
		{9FEE6FA2-FC70-4B3E-8298-EDEF7926ED05}.Release|Any CPU.Build.0 = Release|Any CPU
	EndGlobalSection
	GlobalSection(SolutionProperties) = preSolution
		HideSolutionNode = FALSE
	EndGlobalSection
	GlobalSection(ExtensibilityGlobals) = postSolution
		SolutionGuid = {F13206CE-5DAB-407F-AA91-C67A249D57B6}
	EndGlobalSection
EndGlobal
